
Microsoft Visual Studio Solution File, Format Version 12.00
# Visual Studio Version 16
VisualStudioVersion = 16.0.30907.101
MinimumVisualStudioVersion = 10.0.40219.1
Project("{FAE04EC0-301F-11D3-BF4B-00C04F79EFBC}") = "(P) WPF - Contact List", "(P) WPF - Contact List\(P) WPF - Contact List.csproj", "{DD78B4FB-98DA-47C5-AA5C-CC83714848FF}"
EndProject
Global
	GlobalSection(SolutionConfigurationPlatforms) = preSolution
		Debug|Any CPU = Debug|Any CPU
		Release|Any CPU = Release|Any CPU
	EndGlobalSection
	GlobalSection(ProjectConfigurationPlatforms) = postSolution
		{DD78B4FB-98DA-47C5-AA5C-CC83714848FF}.Debug|Any CPU.ActiveCfg = Debug|Any CPU
		{DD78B4FB-98DA-47C5-AA5C-CC83714848FF}.Debug|Any CPU.Build.0 = Debug|Any CPU
		{DD78B4FB-98DA-47C5-AA5C-CC83714848FF}.Release|Any CPU.ActiveCfg = Release|Any CPU
		{DD78B4FB-98DA-47C5-AA5C-CC83714848FF}.Release|Any CPU.Build.0 = Release|Any CPU
	EndGlobalSection
	GlobalSection(SolutionProperties) = preSolution
		HideSolutionNode = FALSE
	EndGlobalSection
	GlobalSection(ExtensibilityGlobals) = postSolution
		SolutionGuid = {FB2F2F5E-2162-4991-954B-CA50FB374117}
	EndGlobalSection
EndGlobal
