
Microsoft Visual Studio Solution File, Format Version 12.00
# Visual Studio Version 16
VisualStudioVersion = 16.0.30907.101
MinimumVisualStudioVersion = 10.0.40219.1
Project("{FAE04EC0-301F-11D3-BF4B-00C04F79EFBC}") = "9-8-2021", "9-8-2021\9-8-2021.csproj", "{98A2309F-E89C-49F5-B5D9-190A6277DD36}"
EndProject
Global
	GlobalSection(SolutionConfigurationPlatforms) = preSolution
		Debug|Any CPU = Debug|Any CPU
		Release|Any CPU = Release|Any CPU
	EndGlobalSection
	GlobalSection(ProjectConfigurationPlatforms) = postSolution
		{98A2309F-E89C-49F5-B5D9-190A6277DD36}.Debug|Any CPU.ActiveCfg = Debug|Any CPU
		{98A2309F-E89C-49F5-B5D9-190A6277DD36}.Debug|Any CPU.Build.0 = Debug|Any CPU
		{98A2309F-E89C-49F5-B5D9-190A6277DD36}.Release|Any CPU.ActiveCfg = Release|Any CPU
		{98A2309F-E89C-49F5-B5D9-190A6277DD36}.Release|Any CPU.Build.0 = Release|Any CPU
	EndGlobalSection
	GlobalSection(SolutionProperties) = preSolution
		HideSolutionNode = FALSE
	EndGlobalSection
	GlobalSection(ExtensibilityGlobals) = postSolution
		SolutionGuid = {D1D9DBB6-8AEA-4439-ADEA-9D6918896E55}
	EndGlobalSection
EndGlobal
