
Microsoft Visual Studio Solution File, Format Version 12.00
# Visual Studio Version 16
VisualStudioVersion = 16.0.30907.101
MinimumVisualStudioVersion = 10.0.40219.1
Project("{9A19103F-16F7-4668-BE54-9A1E7A4F7556}") = "8-25 Conditionals", "8-25-2021\8-25 Conditionals.csproj", "{AEA2FF82-F31D-41A2-9C84-AE2EAD8F76BA}"
EndProject
Project("{9A19103F-16F7-4668-BE54-9A1E7A4F7556}") = "8-25 Loops 1", "8-25 Loops\8-25 Loops 1.csproj", "{12AA67F0-5DBB-40A9-945D-84D1F14F5269}"
EndProject
Project("{9A19103F-16F7-4668-BE54-9A1E7A4F7556}") = "8-25 Loops 2", "8-25 Loops 2\8-25 Loops 2.csproj", "{99754D17-444F-4F6B-BFDE-D0422DE6A27B}"
EndProject
Project("{9A19103F-16F7-4668-BE54-9A1E7A4F7556}") = "8-25 Methods", "8-25 Methods 1\8-25 Methods.csproj", "{7DEA9A71-5364-4C8B-B5EE-CF6C1884FA4B}"
EndProject
Project("{FAE04EC0-301F-11D3-BF4B-00C04F79EFBC}") = "8-30-21 Collections", "8-30-21 Collections\8-30-21 Collections.csproj", "{3238A0F5-5635-41C4-85F1-3461803DC2F4}"
EndProject
Global
	GlobalSection(SolutionConfigurationPlatforms) = preSolution
		Debug|Any CPU = Debug|Any CPU
		Release|Any CPU = Release|Any CPU
	EndGlobalSection
	GlobalSection(ProjectConfigurationPlatforms) = postSolution
		{AEA2FF82-F31D-41A2-9C84-AE2EAD8F76BA}.Debug|Any CPU.ActiveCfg = Debug|Any CPU
		{AEA2FF82-F31D-41A2-9C84-AE2EAD8F76BA}.Debug|Any CPU.Build.0 = Debug|Any CPU
		{AEA2FF82-F31D-41A2-9C84-AE2EAD8F76BA}.Release|Any CPU.ActiveCfg = Release|Any CPU
		{AEA2FF82-F31D-41A2-9C84-AE2EAD8F76BA}.Release|Any CPU.Build.0 = Release|Any CPU
		{12AA67F0-5DBB-40A9-945D-84D1F14F5269}.Debug|Any CPU.ActiveCfg = Debug|Any CPU
		{12AA67F0-5DBB-40A9-945D-84D1F14F5269}.Debug|Any CPU.Build.0 = Debug|Any CPU
		{12AA67F0-5DBB-40A9-945D-84D1F14F5269}.Release|Any CPU.ActiveCfg = Release|Any CPU
		{12AA67F0-5DBB-40A9-945D-84D1F14F5269}.Release|Any CPU.Build.0 = Release|Any CPU
		{99754D17-444F-4F6B-BFDE-D0422DE6A27B}.Debug|Any CPU.ActiveCfg = Debug|Any CPU
		{99754D17-444F-4F6B-BFDE-D0422DE6A27B}.Debug|Any CPU.Build.0 = Debug|Any CPU
		{99754D17-444F-4F6B-BFDE-D0422DE6A27B}.Release|Any CPU.ActiveCfg = Release|Any CPU
		{99754D17-444F-4F6B-BFDE-D0422DE6A27B}.Release|Any CPU.Build.0 = Release|Any CPU
		{7DEA9A71-5364-4C8B-B5EE-CF6C1884FA4B}.Debug|Any CPU.ActiveCfg = Debug|Any CPU
		{7DEA9A71-5364-4C8B-B5EE-CF6C1884FA4B}.Debug|Any CPU.Build.0 = Debug|Any CPU
		{7DEA9A71-5364-4C8B-B5EE-CF6C1884FA4B}.Release|Any CPU.ActiveCfg = Release|Any CPU
		{7DEA9A71-5364-4C8B-B5EE-CF6C1884FA4B}.Release|Any CPU.Build.0 = Release|Any CPU
		{3238A0F5-5635-41C4-85F1-3461803DC2F4}.Debug|Any CPU.ActiveCfg = Debug|Any CPU
		{3238A0F5-5635-41C4-85F1-3461803DC2F4}.Debug|Any CPU.Build.0 = Debug|Any CPU
		{3238A0F5-5635-41C4-85F1-3461803DC2F4}.Release|Any CPU.ActiveCfg = Release|Any CPU
		{3238A0F5-5635-41C4-85F1-3461803DC2F4}.Release|Any CPU.Build.0 = Release|Any CPU
	EndGlobalSection
	GlobalSection(SolutionProperties) = preSolution
		HideSolutionNode = FALSE
	EndGlobalSection
	GlobalSection(ExtensibilityGlobals) = postSolution
		SolutionGuid = {1B322B3D-9E2D-4FFA-B912-E3DDB315E3A1}
	EndGlobalSection
EndGlobal
