
Microsoft Visual Studio Solution File, Format Version 12.00
# Visual Studio Version 16
VisualStudioVersion = 16.0.30907.101
MinimumVisualStudioVersion = 10.0.40219.1
Project("{FAE04EC0-301F-11D3-BF4B-00C04F79EFBC}") = "WPF_Files", "WPF_Files\WPF_Files.csproj", "{7BF4D4E8-9474-4E66-85D6-27400EDB1C1E}"
EndProject
Global
	GlobalSection(SolutionConfigurationPlatforms) = preSolution
		Debug|Any CPU = Debug|Any CPU
		Release|Any CPU = Release|Any CPU
	EndGlobalSection
	GlobalSection(ProjectConfigurationPlatforms) = postSolution
		{7BF4D4E8-9474-4E66-85D6-27400EDB1C1E}.Debug|Any CPU.ActiveCfg = Debug|Any CPU
		{7BF4D4E8-9474-4E66-85D6-27400EDB1C1E}.Debug|Any CPU.Build.0 = Debug|Any CPU
		{7BF4D4E8-9474-4E66-85D6-27400EDB1C1E}.Release|Any CPU.ActiveCfg = Release|Any CPU
		{7BF4D4E8-9474-4E66-85D6-27400EDB1C1E}.Release|Any CPU.Build.0 = Release|Any CPU
	EndGlobalSection
	GlobalSection(SolutionProperties) = preSolution
		HideSolutionNode = FALSE
	EndGlobalSection
	GlobalSection(ExtensibilityGlobals) = postSolution
		SolutionGuid = {DBC4BE26-E12E-457E-9915-34D3A6C9FE75}
	EndGlobalSection
EndGlobal
