
Microsoft Visual Studio Solution File, Format Version 12.00
# Visual Studio Version 16
VisualStudioVersion = 16.0.30907.101
MinimumVisualStudioVersion = 10.0.40219.1
Project("{FAE04EC0-301F-11D3-BF4B-00C04F79EFBC}") = "MVC-Beginner", "MVC-Beginner\MVC-Beginner.csproj", "{B7628602-0125-470B-921E-77E5917BEFB6}"
EndProject
Project("{FAE04EC0-301F-11D3-BF4B-00C04F79EFBC}") = "MVC-EF", "MVC-EF\MVC-EF.csproj", "{FEF5E6B5-210A-44A8-8533-C63B51C8AA61}"
EndProject
Project("{FAE04EC0-301F-11D3-BF4B-00C04F79EFBC}") = "Homework 9", "Homework 9\Homework 9.csproj", "{0B877263-5F52-4AB6-9D09-CEE54C3CB228}"
EndProject
Project("{FAE04EC0-301F-11D3-BF4B-00C04F79EFBC}") = "2MVC-Beginner", "2MVC-Beginner\2MVC-Beginner.csproj", "{0A6A0506-3E47-47A8-8A68-71E761E5D742}"
EndProject
Global
	GlobalSection(SolutionConfigurationPlatforms) = preSolution
		Debug|Any CPU = Debug|Any CPU
		Release|Any CPU = Release|Any CPU
	EndGlobalSection
	GlobalSection(ProjectConfigurationPlatforms) = postSolution
		{B7628602-0125-470B-921E-77E5917BEFB6}.Debug|Any CPU.ActiveCfg = Debug|Any CPU
		{B7628602-0125-470B-921E-77E5917BEFB6}.Debug|Any CPU.Build.0 = Debug|Any CPU
		{B7628602-0125-470B-921E-77E5917BEFB6}.Release|Any CPU.ActiveCfg = Release|Any CPU
		{B7628602-0125-470B-921E-77E5917BEFB6}.Release|Any CPU.Build.0 = Release|Any CPU
		{FEF5E6B5-210A-44A8-8533-C63B51C8AA61}.Debug|Any CPU.ActiveCfg = Debug|Any CPU
		{FEF5E6B5-210A-44A8-8533-C63B51C8AA61}.Debug|Any CPU.Build.0 = Debug|Any CPU
		{FEF5E6B5-210A-44A8-8533-C63B51C8AA61}.Release|Any CPU.ActiveCfg = Release|Any CPU
		{FEF5E6B5-210A-44A8-8533-C63B51C8AA61}.Release|Any CPU.Build.0 = Release|Any CPU
		{0B877263-5F52-4AB6-9D09-CEE54C3CB228}.Debug|Any CPU.ActiveCfg = Debug|Any CPU
		{0B877263-5F52-4AB6-9D09-CEE54C3CB228}.Debug|Any CPU.Build.0 = Debug|Any CPU
		{0B877263-5F52-4AB6-9D09-CEE54C3CB228}.Release|Any CPU.ActiveCfg = Release|Any CPU
		{0B877263-5F52-4AB6-9D09-CEE54C3CB228}.Release|Any CPU.Build.0 = Release|Any CPU
		{0A6A0506-3E47-47A8-8A68-71E761E5D742}.Debug|Any CPU.ActiveCfg = Debug|Any CPU
		{0A6A0506-3E47-47A8-8A68-71E761E5D742}.Debug|Any CPU.Build.0 = Debug|Any CPU
		{0A6A0506-3E47-47A8-8A68-71E761E5D742}.Release|Any CPU.ActiveCfg = Release|Any CPU
		{0A6A0506-3E47-47A8-8A68-71E761E5D742}.Release|Any CPU.Build.0 = Release|Any CPU
	EndGlobalSection
	GlobalSection(SolutionProperties) = preSolution
		HideSolutionNode = FALSE
	EndGlobalSection
	GlobalSection(ExtensibilityGlobals) = postSolution
		SolutionGuid = {7DBD8262-E557-45FE-BB45-973F013B748D}
	EndGlobalSection
EndGlobal
