
Microsoft Visual Studio Solution File, Format Version 12.00
# Visual Studio Version 16
VisualStudioVersion = 16.0.30907.101
MinimumVisualStudioVersion = 10.0.40219.1
Project("{9A19103F-16F7-4668-BE54-9A1E7A4F7556}") = "(P) WPF - First WPF Assignment", "Test Prep\(P) WPF - First WPF Assignment.csproj", "{F5BDC15B-ED55-4599-9170-489E732B252C}"
EndProject
Project("{9A19103F-16F7-4668-BE54-9A1E7A4F7556}") = "(P)WPF - Vowels and Consonants", "(P)WPF - Vowels and Consonants\(P)WPF - Vowels and Consonants.csproj", "{365B2866-8280-44CC-A484-3AD6AA49085B}"
EndProject
Project("{9A19103F-16F7-4668-BE54-9A1E7A4F7556}") = "(P)WPF - Classes", "(P)WPF - Classes\(P)WPF - Classes.csproj", "{C0D8C438-B1B9-467B-98BF-AF795E19FCDB}"
EndProject
Project("{9A19103F-16F7-4668-BE54-9A1E7A4F7556}") = "(P) WPF - Contact List", "(P) WPF - Contact List\(P) WPF - Contact List.csproj", "{E0B33524-45A6-470E-B23A-F2AA7CF43598}"
EndProject
Project("{9A19103F-16F7-4668-BE54-9A1E7A4F7556}") = "HW 2 - GraduationHandout", "Homework 2\HW 2 - GraduationHandout.csproj", "{7002FBE1-4A71-4456-AAAC-0DE4BA3097D0}"
EndProject
Project("{9A19103F-16F7-4668-BE54-9A1E7A4F7556}") = "FulfillData", "FulfillData\FulfillData.csproj", "{237D863C-C726-43D8-9300-B06C9884F8C6}"
EndProject
Project("{FAE04EC0-301F-11D3-BF4B-00C04F79EFBC}") = "HW 3 - Problem 1", "HW 1 - Problem 1\HW 3 - Problem 1.csproj", "{F186557B-260D-4164-B51A-BDEC35EC2A22}"
EndProject
Project("{FAE04EC0-301F-11D3-BF4B-00C04F79EFBC}") = "GeneralPractice", "GeneralPractice\GeneralPractice.csproj", "{13B13F08-515C-4DDD-89B4-BC4C7DFEA7CB}"
EndProject
Project("{FAE04EC0-301F-11D3-BF4B-00C04F79EFBC}") = "Vowels and Consonants (2)", "Vowels and Consonants (2)\Vowels and Consonants (2).csproj", "{BDF51CD0-5CEF-4661-A6A5-8E39FA42A12E}"
EndProject
Project("{FAE04EC0-301F-11D3-BF4B-00C04F79EFBC}") = "Classes(2)", "Classes(2)\Classes(2).csproj", "{1C6D859C-2840-4D75-94D4-E6DE7826D00D}"
EndProject
Global
	GlobalSection(SolutionConfigurationPlatforms) = preSolution
		Debug|Any CPU = Debug|Any CPU
		Release|Any CPU = Release|Any CPU
	EndGlobalSection
	GlobalSection(ProjectConfigurationPlatforms) = postSolution
		{F5BDC15B-ED55-4599-9170-489E732B252C}.Debug|Any CPU.ActiveCfg = Debug|Any CPU
		{F5BDC15B-ED55-4599-9170-489E732B252C}.Debug|Any CPU.Build.0 = Debug|Any CPU
		{F5BDC15B-ED55-4599-9170-489E732B252C}.Release|Any CPU.ActiveCfg = Release|Any CPU
		{F5BDC15B-ED55-4599-9170-489E732B252C}.Release|Any CPU.Build.0 = Release|Any CPU
		{365B2866-8280-44CC-A484-3AD6AA49085B}.Debug|Any CPU.ActiveCfg = Debug|Any CPU
		{365B2866-8280-44CC-A484-3AD6AA49085B}.Debug|Any CPU.Build.0 = Debug|Any CPU
		{365B2866-8280-44CC-A484-3AD6AA49085B}.Release|Any CPU.ActiveCfg = Release|Any CPU
		{365B2866-8280-44CC-A484-3AD6AA49085B}.Release|Any CPU.Build.0 = Release|Any CPU
		{C0D8C438-B1B9-467B-98BF-AF795E19FCDB}.Debug|Any CPU.ActiveCfg = Debug|Any CPU
		{C0D8C438-B1B9-467B-98BF-AF795E19FCDB}.Debug|Any CPU.Build.0 = Debug|Any CPU
		{C0D8C438-B1B9-467B-98BF-AF795E19FCDB}.Release|Any CPU.ActiveCfg = Release|Any CPU
		{C0D8C438-B1B9-467B-98BF-AF795E19FCDB}.Release|Any CPU.Build.0 = Release|Any CPU
		{E0B33524-45A6-470E-B23A-F2AA7CF43598}.Debug|Any CPU.ActiveCfg = Debug|Any CPU
		{E0B33524-45A6-470E-B23A-F2AA7CF43598}.Debug|Any CPU.Build.0 = Debug|Any CPU
		{E0B33524-45A6-470E-B23A-F2AA7CF43598}.Release|Any CPU.ActiveCfg = Release|Any CPU
		{E0B33524-45A6-470E-B23A-F2AA7CF43598}.Release|Any CPU.Build.0 = Release|Any CPU
		{7002FBE1-4A71-4456-AAAC-0DE4BA3097D0}.Debug|Any CPU.ActiveCfg = Debug|Any CPU
		{7002FBE1-4A71-4456-AAAC-0DE4BA3097D0}.Debug|Any CPU.Build.0 = Debug|Any CPU
		{7002FBE1-4A71-4456-AAAC-0DE4BA3097D0}.Release|Any CPU.ActiveCfg = Release|Any CPU
		{7002FBE1-4A71-4456-AAAC-0DE4BA3097D0}.Release|Any CPU.Build.0 = Release|Any CPU
		{237D863C-C726-43D8-9300-B06C9884F8C6}.Debug|Any CPU.ActiveCfg = Debug|Any CPU
		{237D863C-C726-43D8-9300-B06C9884F8C6}.Debug|Any CPU.Build.0 = Debug|Any CPU
		{237D863C-C726-43D8-9300-B06C9884F8C6}.Release|Any CPU.ActiveCfg = Release|Any CPU
		{237D863C-C726-43D8-9300-B06C9884F8C6}.Release|Any CPU.Build.0 = Release|Any CPU
		{F186557B-260D-4164-B51A-BDEC35EC2A22}.Debug|Any CPU.ActiveCfg = Debug|Any CPU
		{F186557B-260D-4164-B51A-BDEC35EC2A22}.Debug|Any CPU.Build.0 = Debug|Any CPU
		{F186557B-260D-4164-B51A-BDEC35EC2A22}.Release|Any CPU.ActiveCfg = Release|Any CPU
		{F186557B-260D-4164-B51A-BDEC35EC2A22}.Release|Any CPU.Build.0 = Release|Any CPU
		{13B13F08-515C-4DDD-89B4-BC4C7DFEA7CB}.Debug|Any CPU.ActiveCfg = Debug|Any CPU
		{13B13F08-515C-4DDD-89B4-BC4C7DFEA7CB}.Debug|Any CPU.Build.0 = Debug|Any CPU
		{13B13F08-515C-4DDD-89B4-BC4C7DFEA7CB}.Release|Any CPU.ActiveCfg = Release|Any CPU
		{13B13F08-515C-4DDD-89B4-BC4C7DFEA7CB}.Release|Any CPU.Build.0 = Release|Any CPU
		{BDF51CD0-5CEF-4661-A6A5-8E39FA42A12E}.Debug|Any CPU.ActiveCfg = Debug|Any CPU
		{BDF51CD0-5CEF-4661-A6A5-8E39FA42A12E}.Debug|Any CPU.Build.0 = Debug|Any CPU
		{BDF51CD0-5CEF-4661-A6A5-8E39FA42A12E}.Release|Any CPU.ActiveCfg = Release|Any CPU
		{BDF51CD0-5CEF-4661-A6A5-8E39FA42A12E}.Release|Any CPU.Build.0 = Release|Any CPU
		{1C6D859C-2840-4D75-94D4-E6DE7826D00D}.Debug|Any CPU.ActiveCfg = Debug|Any CPU
		{1C6D859C-2840-4D75-94D4-E6DE7826D00D}.Debug|Any CPU.Build.0 = Debug|Any CPU
		{1C6D859C-2840-4D75-94D4-E6DE7826D00D}.Release|Any CPU.ActiveCfg = Release|Any CPU
		{1C6D859C-2840-4D75-94D4-E6DE7826D00D}.Release|Any CPU.Build.0 = Release|Any CPU
	EndGlobalSection
	GlobalSection(SolutionProperties) = preSolution
		HideSolutionNode = FALSE
	EndGlobalSection
	GlobalSection(ExtensibilityGlobals) = postSolution
		SolutionGuid = {BE2C221C-6A1D-45FC-8EDF-BF307580F7F3}
	EndGlobalSection
EndGlobal
