
Microsoft Visual Studio Solution File, Format Version 12.00
# Visual Studio Version 16
VisualStudioVersion = 16.0.30907.101
MinimumVisualStudioVersion = 10.0.40219.1
Project("{FAE04EC0-301F-11D3-BF4B-00C04F79EFBC}") = "(P) WPF - First WPF Assignment", "Test Prep\(P) WPF - First WPF Assignment.csproj", "{F5BDC15B-ED55-4599-9170-489E732B252C}"
EndProject
Project("{FAE04EC0-301F-11D3-BF4B-00C04F79EFBC}") = "(P)WPF - Vowels and Consonants", "(P)WPF - Vowels and Consonants\(P)WPF - Vowels and Consonants.csproj", "{365B2866-8280-44CC-A484-3AD6AA49085B}"
EndProject
Global
	GlobalSection(SolutionConfigurationPlatforms) = preSolution
		Debug|Any CPU = Debug|Any CPU
		Release|Any CPU = Release|Any CPU
	EndGlobalSection
	GlobalSection(ProjectConfigurationPlatforms) = postSolution
		{F5BDC15B-ED55-4599-9170-489E732B252C}.Debug|Any CPU.ActiveCfg = Debug|Any CPU
		{F5BDC15B-ED55-4599-9170-489E732B252C}.Debug|Any CPU.Build.0 = Debug|Any CPU
		{F5BDC15B-ED55-4599-9170-489E732B252C}.Release|Any CPU.ActiveCfg = Release|Any CPU
		{F5BDC15B-ED55-4599-9170-489E732B252C}.Release|Any CPU.Build.0 = Release|Any CPU
		{365B2866-8280-44CC-A484-3AD6AA49085B}.Debug|Any CPU.ActiveCfg = Debug|Any CPU
		{365B2866-8280-44CC-A484-3AD6AA49085B}.Debug|Any CPU.Build.0 = Debug|Any CPU
		{365B2866-8280-44CC-A484-3AD6AA49085B}.Release|Any CPU.ActiveCfg = Release|Any CPU
		{365B2866-8280-44CC-A484-3AD6AA49085B}.Release|Any CPU.Build.0 = Release|Any CPU
	EndGlobalSection
	GlobalSection(SolutionProperties) = preSolution
		HideSolutionNode = FALSE
	EndGlobalSection
	GlobalSection(ExtensibilityGlobals) = postSolution
		SolutionGuid = {BE2C221C-6A1D-45FC-8EDF-BF307580F7F3}
	EndGlobalSection
EndGlobal
